{
  "nodes": {
    "hmRepo": {
      "inputs": {
        "nixpkgs": "nixpkgs",
        "utils": "utils"
      },
      "locked": {
        "lastModified": 1657887110,
        "narHash": "sha256-8VV0/kZed2z8fGtEc2zr+WLxTow+JTIlMjnSisyv0GQ=",
        "owner": "nix-community",
        "repo": "home-manager",
        "rev": "4c5106ed0f3168ff2df21b646aef67e86cbfc11c",
        "type": "github"
      },
      "original": {
        "owner": "nix-community",
        "repo": "home-manager",
        "type": "github"
      }
    },
    "nixpkgs": {
      "locked": {
        "lastModified": 1654230545,
        "narHash": "sha256-8Vlwf0x8ow6pPOK2a04bT+pxIeRnM1+O0Xv9/CuDzRs=",
        "owner": "nixos",
        "repo": "nixpkgs",
        "rev": "236cc2971ac72acd90f0ae3a797f9f83098b17ec",
        "type": "github"
      },
      "original": {
        "owner": "nixos",
        "ref": "nixos-unstable",
        "repo": "nixpkgs",
        "type": "github"
      }
    },
    "nixpkgs_2": {
      "locked": {
        "lastModified": 1650937716,
        "narHash": "sha256-3Tuspfl36JKnQekMVII3kiL2afj+ngPY2iPVN3zeReU=",
        "owner": "NixOS",
        "repo": "nixpkgs",
        "rev": "293a5455f31039a590cca0b844d134736fedae46",
        "type": "github"
      },
      "original": {
        "owner": "NixOS",
        "ref": "nixpkgs-unstable",
        "repo": "nixpkgs",
        "type": "github"
      }
    },
    "repoMyPkgs": {
      "inputs": {
        "nixpkgs": "nixpkgs_2"
      },
      "locked": {
        "lastModified": 1657900752,
        "narHash": "sha256-+c3eCLdjZS7VHYpSYdH64+zh4r4uc+98g16/XKyeqUc=",
        "ref": "master",
        "rev": "488b32ec0b1fa7463bcc72431f4e1ccdc95bb36e",
        "revCount": 34,
        "type": "git",
        "url": "ssh://git@github.com/jayesh-bhoot/nix-pkgs"
      },
      "original": {
        "type": "git",
        "url": "ssh://git@github.com/jayesh-bhoot/nix-pkgs"
      }
    },
    "repoNixos21-11": {
      "locked": {
        "lastModified": 1656782578,
        "narHash": "sha256-1eMCBEqJplPotTo/SZ/t5HU6Sf2I8qKlZi9MX7jv9fw=",
        "owner": "NixOS",
        "repo": "nixpkgs",
        "rev": "573603b7fdb9feb0eb8efc16ee18a015c667ab1b",
        "type": "github"
      },
      "original": {
        "owner": "NixOS",
        "ref": "nixos-21.11",
        "repo": "nixpkgs",
        "type": "github"
      }
    },
    "repoNixosUnstable": {
      "locked": {
        "lastModified": 1657802959,
        "narHash": "sha256-9+JWARSdlL8KiH3ymnKDXltE1vM+/WEJ78F5B1kjXys=",
        "owner": "NixOS",
        "repo": "nixpkgs",
        "rev": "4a01ca36d6bfc133bc617e661916a81327c9bbc8",
        "type": "github"
      },
      "original": {
        "owner": "NixOS",
        "ref": "nixos-unstable",
        "repo": "nixpkgs",
        "type": "github"
      }
    },
    "repoNixpkgsUnstable": {
      "locked": {
        "lastModified": 1657888067,
        "narHash": "sha256-GnwJoFBTPfW3+mz7QEeJEEQ9OMHZOiIJ/qDhZxrlKh8=",
        "owner": "NixOS",
        "repo": "nixpkgs",
        "rev": "65fae659e31098ca4ac825a6fef26d890aaf3f4e",
        "type": "github"
      },
      "original": {
        "owner": "NixOS",
        "ref": "nixpkgs-unstable",
        "repo": "nixpkgs",
        "type": "github"
      }
    },
    "repoRescriptVsCode": {
      "locked": {
        "lastModified": 1657647587,
        "narHash": "sha256-28ywppZNCioXq816nKhcCXx9Qa52V3Fr2il2g72/ets=",
        "owner": "jayesh-bhoot",
        "repo": "nixpkgs",
        "rev": "2049d52bcf602e6964df8970c551d7ca5b8a6375",
        "type": "github"
      },
      "original": {
        "owner": "jayesh-bhoot",
        "ref": "rescript-vscode",
        "repo": "nixpkgs",
        "type": "github"
      }
    },
    "root": {
      "inputs": {
        "hmRepo": "hmRepo",
        "repoMyPkgs": "repoMyPkgs",
        "repoNixos21-11": "repoNixos21-11",
        "repoNixosUnstable": "repoNixosUnstable",
        "repoNixpkgsUnstable": "repoNixpkgsUnstable",
        "repoRescriptVsCode": "repoRescriptVsCode"
      }
    },
    "utils": {
      "locked": {
        "lastModified": 1653893745,
        "narHash": "sha256-0jntwV3Z8//YwuOjzhV2sgJJPt+HY6KhU7VZUL0fKZQ=",
        "owner": "numtide",
        "repo": "flake-utils",
        "rev": "1ed9fb1935d260de5fe1c2f7ee0ebaae17ed2fa1",
        "type": "github"
      },
      "original": {
        "owner": "numtide",
        "repo": "flake-utils",
        "type": "github"
      }
    }
  },
  "root": "root",
  "version": 7
}
