{
  "nodes": {
    "home-manager": {
      "inputs": {
        "nixpkgs": [
          "nixpkgs"
        ]
      },
      "locked": {
        "lastModified": 1645244400,
        "narHash": "sha256-o7KCd6ySFZ9/LbS62aTeuFmBWtP7Tt3Q3RcNjYgTgZU=",
        "owner": "nix-community",
        "repo": "home-manager",
        "rev": "0232fe1b75e6d7864fd82b5c72f6646f87838fc3",
        "type": "github"
      },
      "original": {
        "owner": "nix-community",
        "repo": "home-manager",
        "type": "github"
      }
    },
    "monolisa": {
      "inputs": {
        "nixpkgs": "nixpkgs"
      },
      "locked": {
        "lastModified": 1642691617,
        "narHash": "sha256-k0pMlxvGLul2rgKlMFqlgcdR6JIGCTtK5kvN9Zw8iHs=",
        "ref": "master",
        "rev": "fcd2b332c7cbe67ca9828c9b49bba59830162f53",
        "revCount": 4,
        "type": "git",
        "url": "ssh://git@github.com/jayesh-bhoot/MonoLisa"
      },
      "original": {
        "type": "git",
        "url": "ssh://git@github.com/jayesh-bhoot/MonoLisa"
      }
    },
    "nixpkgs": {
      "locked": {
        "lastModified": 1642679494,
        "narHash": "sha256-Y6Us2LoLjC3kQd0AG86/DXOWLIRiGMd69JcymvUhtyk=",
        "owner": "NixOS",
        "repo": "nixpkgs",
        "rev": "dd2dcbbfe893b6511a6b9fbfa610dd29531bfbc4",
        "type": "github"
      },
      "original": {
        "owner": "NixOS",
        "repo": "nixpkgs",
        "type": "github"
      }
    },
    "nixpkgs_2": {
      "locked": {
        "lastModified": 1645412023,
        "narHash": "sha256-sMHy8s2TOLgwAQgLDQlqlyVZr0yDQ73EMv/3Tk/vMiI=",
        "owner": "NixOS",
        "repo": "nixpkgs",
        "rev": "b359608e4009d6a492c6c84ace5c61e341ffb80e",
        "type": "github"
      },
      "original": {
        "owner": "NixOS",
        "repo": "nixpkgs",
        "type": "github"
      }
    },
    "root": {
      "inputs": {
        "home-manager": "home-manager",
        "monolisa": "monolisa",
        "nixpkgs": "nixpkgs_2"
      }
    }
  },
  "root": "root",
  "version": 7
}
